PODS:
  - FMDB (2.7.3):
    - FMDB/standard (= 2.7.3)
  - FMDB/standard (2.7.3)

DEPENDENCIES:
  - FMDB (= 2.7.3)

SPEC REPOS:
  https://code.9ji.com/9ji_APP_iOS/CHCocoaSpec.git:
    - FMDB

SPEC CHECKSUMS:
  FMDB: a6f9d29915ddd7b4514c607dd3d16599aa53566d

PODFILE CHECKSUM: 4d98e4f8c2d7be668f2baa1239b9af8272d6ea46

COCOAPODS: 1.10.1
